
Microsoft Visual Studio Solution File, Format Version 12.00
# Visual Studio Version 17
VisualStudioVersion = 17.9.34701.34
MinimumVisualStudioVersion = 10.0.40219.1
Project("{FAE04EC0-301F-11D3-BF4B-00C04F79EFBC}") = "CKEditor", "CKEditor.csproj", "{A6BA27BA-02E8-441E-8025-EB68F8C7BC59}"
EndProject
Global
	GlobalSection(SolutionConfigurationPlatforms) = preSolution
		Debug|Any CPU = Debug|Any CPU
		Release|Any CPU = Release|Any CPU
	EndGlobalSection
	GlobalSection(ProjectConfigurationPlatforms) = postSolution
		{A6BA27BA-02E8-441E-8025-EB68F8C7BC59}.Debug|Any CPU.ActiveCfg = Debug|Any CPU
		{A6BA27BA-02E8-441E-8025-EB68F8C7BC59}.Debug|Any CPU.Build.0 = Debug|Any CPU
		{A6BA27BA-02E8-441E-8025-EB68F8C7BC59}.Release|Any CPU.ActiveCfg = Release|Any CPU
		{A6BA27BA-02E8-441E-8025-EB68F8C7BC59}.Release|Any CPU.Build.0 = Release|Any CPU
	EndGlobalSection
	GlobalSection(SolutionProperties) = preSolution
		HideSolutionNode = FALSE
	EndGlobalSection
	GlobalSection(ExtensibilityGlobals) = postSolution
		SolutionGuid = {B0BCD655-AA6F-46F9-85BA-5D03C80CD50D}
	EndGlobalSection
EndGlobal
