
Microsoft Visual Studio Solution File, Format Version 12.00
# Visual Studio Version 17
VisualStudioVersion = 17.9.34701.34
MinimumVisualStudioVersion = 10.0.40219.1
Project("{FAE04EC0-301F-11D3-BF4B-00C04F79EFBC}") = "Admin", "Admin.csproj", "{489315DE-557B-4EF3-B23A-82D6AD519FED}"
EndProject
Global
	GlobalSection(SolutionConfigurationPlatforms) = preSolution
		Debug|Any CPU = Debug|Any CPU
		Release|Any CPU = Release|Any CPU
	EndGlobalSection
	GlobalSection(ProjectConfigurationPlatforms) = postSolution
		{489315DE-557B-4EF3-B23A-82D6AD519FED}.Debug|Any CPU.ActiveCfg = Debug|Any CPU
		{489315DE-557B-4EF3-B23A-82D6AD519FED}.Debug|Any CPU.Build.0 = Debug|Any CPU
		{489315DE-557B-4EF3-B23A-82D6AD519FED}.Release|Any CPU.ActiveCfg = Release|Any CPU
		{489315DE-557B-4EF3-B23A-82D6AD519FED}.Release|Any CPU.Build.0 = Release|Any CPU
	EndGlobalSection
	GlobalSection(SolutionProperties) = preSolution
		HideSolutionNode = FALSE
	EndGlobalSection
	GlobalSection(ExtensibilityGlobals) = postSolution
		SolutionGuid = {8A96A9A5-729A-410C-BF16-2A75E28FD641}
	EndGlobalSection
EndGlobal
