
Microsoft Visual Studio Solution File, Format Version 12.00
# Visual Studio Version 17
VisualStudioVersion = 17.9.34701.34
MinimumVisualStudioVersion = 10.0.40219.1
Project("{FAE04EC0-301F-11D3-BF4B-00C04F79EFBC}") = "customer_information", "customer_information.csproj", "{F03A5269-8C1E-4458-BE1C-A45EE8582517}"
EndProject
Global
	GlobalSection(SolutionConfigurationPlatforms) = preSolution
		Debug|Any CPU = Debug|Any CPU
		Release|Any CPU = Release|Any CPU
	EndGlobalSection
	GlobalSection(ProjectConfigurationPlatforms) = postSolution
		{F03A5269-8C1E-4458-BE1C-A45EE8582517}.Debug|Any CPU.ActiveCfg = Debug|Any CPU
		{F03A5269-8C1E-4458-BE1C-A45EE8582517}.Debug|Any CPU.Build.0 = Debug|Any CPU
		{F03A5269-8C1E-4458-BE1C-A45EE8582517}.Release|Any CPU.ActiveCfg = Release|Any CPU
		{F03A5269-8C1E-4458-BE1C-A45EE8582517}.Release|Any CPU.Build.0 = Release|Any CPU
	EndGlobalSection
	GlobalSection(SolutionProperties) = preSolution
		HideSolutionNode = FALSE
	EndGlobalSection
	GlobalSection(ExtensibilityGlobals) = postSolution
		SolutionGuid = {EEC34B80-7600-406B-9A85-ECB04C7B681C}
	EndGlobalSection
EndGlobal
